# THIS IS AN AUTOGENERATED FILE. DO NOT EDIT THIS FILE DIRECTLY.
# yarn lockfile v1


"@notionhq/client@^0.2.2":
  version "0.2.2"
  resolved "https://registry.npmjs.org/@notionhq/client/-/client-0.2.2.tgz#5793c9c0b776173ad23f2de00c0a353453e8161b"
  integrity sha512-xklQeq/NwOPhixsa5Mj02B+od0+FhsGnBYLYrGmA4GLIeiPciSxuUaBVtGyKjzVbmbF8wTGq3Nx3Y23BglBqSQ==
  dependencies:
    "@types/node-fetch" "^2.5.10"
    node-fetch "^2.6.1"

"@octokit/auth-token@^2.4.4":
  version "2.4.5"
  resolved "https://registry.npmjs.org/@octokit/auth-token/-/auth-token-2.4.5.tgz#568ccfb8cb46f36441fac094ce34f7a875b197f3"
  integrity sha512-BpGYsPgJt05M7/L/5FoE1PiAbdxXFZkX/3kDYcsvd1v6UhlnE5e96dTDr0ezX/EFwciQxf3cNV0loipsURU+WA==
  dependencies:
    "@octokit/types" "^6.0.3"

"@octokit/core@^3.5.1":
  version "3.5.1"
  resolved "https://registry.npmjs.org/@octokit/core/-/core-3.5.1.tgz#8601ceeb1ec0e1b1b8217b960a413ed8e947809b"
  integrity sha512-omncwpLVxMP+GLpLPgeGJBF6IWJFjXDS5flY5VbppePYX9XehevbDykRH9PdCdvqt9TS5AOTiDide7h0qrkHjw==
  dependencies:
    "@octokit/auth-token" "^2.4.4"
    "@octokit/graphql" "^4.5.8"
    "@octokit/request" "^5.6.0"
    "@octokit/request-error" "^2.0.5"
    "@octokit/types" "^6.0.3"
    before-after-hook "^2.2.0"
    universal-user-agent "^6.0.0"

"@octokit/endpoint@^6.0.1":
  version "6.0.12"
  resolved "https://registry.npmjs.org/@octokit/endpoint/-/endpoint-6.0.12.tgz#3b4d47a4b0e79b1027fb8d75d4221928b2d05658"
  integrity sha512-lF3puPwkQWGfkMClXb4k/eUT/nZKQfxinRWJrdZaJO85Dqwo/G0yOC434Jr2ojwafWJMYqFGFa5ms4jJUgujdA==
  dependencies:
    "@octokit/types" "^6.0.3"
    is-plain-object "^5.0.0"
    universal-user-agent "^6.0.0"

"@octokit/graphql@^4.5.8":
  version "4.6.4"
  resolved "https://registry.npmjs.org/@octokit/graphql/-/graphql-4.6.4.tgz#0c3f5bed440822182e972317122acb65d311a5ed"
  integrity sha512-SWTdXsVheRmlotWNjKzPOb6Js6tjSqA2a8z9+glDJng0Aqjzti8MEWOtuT8ZSu6wHnci7LZNuarE87+WJBG4vg==
  dependencies:
    "@octokit/request" "^5.6.0"
    "@octokit/types" "^6.0.3"
    universal-user-agent "^6.0.0"

"@octokit/openapi-types@^8.3.0":
  version "8.3.0"
  resolved "https://registry.npmjs.org/@octokit/openapi-types/-/openapi-types-8.3.0.tgz#8bc912edae8c03e002882cf1e29b595b7da9b441"
  integrity sha512-ZFyQ30tNpoATI7o+Z9MWFUzUgWisB8yduhcky7S4UYsRijgIGSnwUKzPBDGzf/Xkx1DuvUtqzvmuFlDSqPJqmQ==

"@octokit/request-error@^2.0.5", "@octokit/request-error@^2.1.0":
  version "2.1.0"
  resolved "https://registry.npmjs.org/@octokit/request-error/-/request-error-2.1.0.tgz#9e150357831bfc788d13a4fd4b1913d60c74d677"
  integrity sha512-1VIvgXxs9WHSjicsRwq8PlR2LR2x6DwsJAaFgzdi0JfJoGSO8mYI/cHJQ+9FbN21aa+DrgNLnwObmyeSC8Rmpg==
  dependencies:
    "@octokit/types" "^6.0.3"
    deprecation "^2.0.0"
    once "^1.4.0"

"@octokit/request@^5.6.0":
  version "5.6.0"
  resolved "https://registry.npmjs.org/@octokit/request/-/request-5.6.0.tgz#6084861b6e4fa21dc40c8e2a739ec5eff597e672"
  integrity sha512-4cPp/N+NqmaGQwbh3vUsYqokQIzt7VjsgTYVXiwpUP2pxd5YiZB2XuTedbb0SPtv9XS7nzAKjAuQxmY8/aZkiA==
  dependencies:
    "@octokit/endpoint" "^6.0.1"
    "@octokit/request-error" "^2.1.0"
    "@octokit/types" "^6.16.1"
    is-plain-object "^5.0.0"
    node-fetch "^2.6.1"
    universal-user-agent "^6.0.0"

"@octokit/types@^6.0.3", "@octokit/types@^6.16.1":
  version "6.19.0"
  resolved "https://registry.npmjs.org/@octokit/types/-/types-6.19.0.tgz#e2b6fedb10c8b53cf4574aa5d1a8a5611295297a"
  integrity sha512-9wdZFiJfonDyU6DjIgDHxAIn92vdSUBOwAXbO2F9rOFt6DJwuAkyGLu1CvdJPphCbPBoV9iSDMX7y4fu0v6AtA==
  dependencies:
    "@octokit/openapi-types" "^8.3.0"

"@tsconfig/node10@^1.0.7":
  version "1.0.8"
  resolved "https://registry.npmjs.org/@tsconfig/node10/-/node10-1.0.8.tgz#c1e4e80d6f964fbecb3359c43bd48b40f7cadad9"
  integrity sha512-6XFfSQmMgq0CFLY1MslA/CPUfhIL919M1rMsa5lP2P097N2Wd1sSX0tx1u4olM16fLNhtHZpRhedZJphNJqmZg==

"@tsconfig/node12@^1.0.7":
  version "1.0.9"
  resolved "https://registry.npmjs.org/@tsconfig/node12/-/node12-1.0.9.tgz#62c1f6dee2ebd9aead80dc3afa56810e58e1a04c"
  integrity sha512-/yBMcem+fbvhSREH+s14YJi18sp7J9jpuhYByADT2rypfajMZZN4WQ6zBGgBKp53NKmqI36wFYDb3yaMPurITw==

"@tsconfig/node14@^1.0.0":
  version "1.0.1"
  resolved "https://registry.npmjs.org/@tsconfig/node14/-/node14-1.0.1.tgz#95f2d167ffb9b8d2068b0b235302fafd4df711f2"
  integrity sha512-509r2+yARFfHHE7T6Puu2jjkoycftovhXRqW328PDXTVGKihlb1P8Z9mMZH04ebyajfRY7dedfGynlrFHJUQCg==

"@tsconfig/node16@^1.0.1":
  version "1.0.1"
  resolved "https://registry.npmjs.org/@tsconfig/node16/-/node16-1.0.1.tgz#a6ca6a9a0ff366af433f42f5f0e124794ff6b8f1"
  integrity sha512-FTgBI767POY/lKNDNbIzgAX6miIDBs6NTCbdlDb8TrWovHsSvaVIZDlTqym29C6UqhzwcJx4CYr+AlrMywA0cA==

"@types/node-fetch@^2.5.10":
  version "2.5.11"
  resolved "https://registry.npmjs.org/@types/node-fetch/-/node-fetch-2.5.11.tgz#ce22a2e65fc8999f4dbdb7ddbbcf187d755169e4"
  integrity sha512-2upCKaqVZETDRb8A2VTaRymqFBEgH8u6yr96b/u3+1uQEPDRo3mJLEiPk7vdXBHRtjwkjqzFYMJXrt0Z9QsYjQ==
  dependencies:
    "@types/node" "*"
    form-data "^3.0.0"

"@types/node@*", "@types/node@^16.3.3":
  version "16.3.3"
  resolved "https://registry.npmjs.org/@types/node/-/node-16.3.3.tgz#0c30adff37bbbc7a50eb9b58fae2a504d0d88038"
  integrity sha512-8h7k1YgQKxKXWckzFCMfsIwn0Y61UK6tlD6y2lOb3hTOIMlK3t9/QwHOhc81TwU+RMf0As5fj7NPjroERCnejQ==

"@types/write@^2.0.1":
  version "2.0.1"
  resolved "https://registry.npmjs.org/@types/write/-/write-2.0.1.tgz#588d3ff577ed38e1159e3fed04269cfb96281160"
  integrity sha512-8eG49vz1AF6RxC/te02BvsnPhHw7ONW+/D47Jz2xXh7zLeU3EHWDmy8XviZ2ZQs47Hwc094SoR80Qn+d0RkYqA==
  dependencies:
    "@types/node" "*"

add-filename-increment@^1.0.0:
  version "1.0.0"
  resolved "https://registry.npmjs.org/add-filename-increment/-/add-filename-increment-1.0.0.tgz#106feea10dcda5d2bfe25a5e83d347382f9dd97d"
  integrity sha512-pFV8VZX8jxuVMIycKvGZkWF/ihnUubu9lbQVnOnZWp7noVxbKQTNj7zG2y9fXdPcuZ6lAN3Drr517HaivGCjdQ==
  dependencies:
    strip-filename-increment "^2.0.1"

arg@^4.1.0:
  version "4.1.3"
  resolved "https://registry.npmjs.org/arg/-/arg-4.1.3.tgz#269fc7ad5b8e42cb63c896d5666017261c144089"
  integrity sha512-58S9QDqG0Xx27YwPSt9fJxivjYl432YCwfDMfZ+71RAqUrZef7LrKQZ3LHLOwCS4FLNBplP533Zx895SeOCHvA==

asynckit@^0.4.0:
  version "0.4.0"
  resolved "https://registry.npmjs.org/asynckit/-/asynckit-0.4.0.tgz#c79ed97f7f34cb8f2ba1bc9790bcc366474b4b79"
  integrity sha1-x57Zf380y48robyXkLzDZkdLS3k=

before-after-hook@^2.2.0:
  version "2.2.2"
  resolved "https://registry.npmjs.org/before-after-hook/-/before-after-hook-2.2.2.tgz#a6e8ca41028d90ee2c24222f201c90956091613e"
  integrity sha512-3pZEU3NT5BFUo/AD5ERPWOgQOCZITni6iavr5AUw5AUwQjMlI0kzu5btnyD39AF0gUEsDPwJT+oY1ORBJijPjQ==

buffer-from@^1.0.0:
  version "1.1.1"
  resolved "https://registry.npmjs.org/buffer-from/-/buffer-from-1.1.1.tgz#32713bc028f75c02fdb710d7c7bcec1f2c6070ef"
  integrity sha512-MQcXEUbCKtEo7bhqEs6560Hyd4XaovZlO/k9V3hjVUF/zwW7KBVdSK4gIt/bzwS9MbR5qob+F5jusZsb0YQK2A==

combined-stream@^1.0.8:
  version "1.0.8"
  resolved "https://registry.npmjs.org/combined-stream/-/combined-stream-1.0.8.tgz#c3d45a8b34fd730631a110a8a2520682b31d5a7f"
  integrity sha512-FQN4MRfuJeHf7cBbBMJFXhKSDq+2kAArBlmRBvcvFE5BB1HZKXtSFASDhdlz9zOYwxh8lDdnvmMOe/+5cdoEdg==
  dependencies:
    delayed-stream "~1.0.0"

create-require@^1.1.0:
  version "1.1.1"
  resolved "https://registry.npmjs.org/create-require/-/create-require-1.1.1.tgz#c1d7e8f1e5f6cfc9ff65f9cd352d37348756c333"
  integrity sha512-dcKFX3jn0MpIaXjisoRvexIJVEKzaq7z2rZKxf+MSr9TkdmHmsU4m2lcLojrj/FHl8mk5VxMmYA+ftRkP/3oKQ==

delayed-stream@~1.0.0:
  version "1.0.0"
  resolved "https://registry.npmjs.org/delayed-stream/-/delayed-stream-1.0.0.tgz#df3ae199acadfb7d440aaae0b29e2272b24ec619"
  integrity sha1-3zrhmayt+31ECqrgsp4icrJOxhk=

deprecation@^2.0.0:
  version "2.3.1"
  resolved "https://registry.npmjs.org/deprecation/-/deprecation-2.3.1.tgz#6368cbdb40abf3373b525ac87e4a260c3a700919"
  integrity sha512-xmHIy4F3scKVwMsQ4WnVaS8bHOx0DmVwRywosKhaILI0ywMDWPtBSku2HNxRvF7jtwDRsoEwYQSfbxj8b7RlJQ==

diff@^4.0.1:
  version "4.0.2"
  resolved "https://registry.npmjs.org/diff/-/diff-4.0.2.tgz#60f3aecb89d5fae520c11aa19efc2bb982aade7d"
  integrity sha512-58lmxKSA4BNyLz+HHMUzlOEpg09FV+ev6ZMe3vJihgdxzgcwZ8VoEEPmALCZG9LmqfVoNMMKpttIYTVG6uDY7A==

dotenv@^16.0.3:
  version "16.0.3"
  resolved "https://registry.npmmirror.com/dotenv/-/dotenv-16.0.3.tgz#115aec42bac5053db3c456db30cc243a5a836a07"
  integrity sha512-7GO6HghkA5fYG9TYnNxi14/7K9f5occMlp3zXAuSxn7CKCxt9xbNWG7yF8hTCSUchlfWSe3uLmlPfigevRItzQ==

form-data@^3.0.0:
  version "3.0.1"
  resolved "https://registry.npmjs.org/form-data/-/form-data-3.0.1.tgz#ebd53791b78356a99af9a300d4282c4d5eb9755f"
  integrity sha512-RHkBKtLWUVwd7SqRIvCZMEvAMoGUp0XU+seQiZejj0COz3RI3hWP4sCv3gZWWLjJTd7rGwcsF5eKZGii0r/hbg==
  dependencies:
    asynckit "^0.4.0"
    combined-stream "^1.0.8"
    mime-types "^2.1.12"

is-plain-object@^5.0.0:
  version "5.0.0"
  resolved "https://registry.npmjs.org/is-plain-object/-/is-plain-object-5.0.0.tgz#4427f50ab3429e9025ea7d52e9043a9ef4159344"
  integrity sha512-VRSzKkbMm5jMDoKLbltAkFQ5Qr7VDiTFGXxYFXXowVj387GeGNOCsOH6Msy00SGZ3Fp84b1Naa1psqgcCIEP5Q==

make-error@^1.1.1:
  version "1.3.6"
  resolved "https://registry.npmjs.org/make-error/-/make-error-1.3.6.tgz#2eb2e37ea9b67c4891f684a1394799af484cf7a2"
  integrity sha512-s8UhlNe7vPKomQhC1qFelMokr/Sc3AgNbso3n74mVPA5LTZwkB9NlXf4XPamLxJE8h0gh73rM94xvwRT2CVInw==

mime-db@1.48.0:
  version "1.48.0"
  resolved "https://registry.npmjs.org/mime-db/-/mime-db-1.48.0.tgz#e35b31045dd7eada3aaad537ed88a33afbef2d1d"
  integrity sha512-FM3QwxV+TnZYQ2aRqhlKBMHxk10lTbMt3bBkMAp54ddrNeVSfcQYOOKuGuy3Ddrm38I04If834fOUSq1yzslJQ==

mime-types@^2.1.12:
  version "2.1.31"
  resolved "https://registry.npmjs.org/mime-types/-/mime-types-2.1.31.tgz#a00d76b74317c61f9c2db2218b8e9f8e9c5c9e6b"
  integrity sha512-XGZnNzm3QvgKxa8dpzyhFTHmpP3l5YNusmne07VUOXxou9CqUqYa/HBy124RqtVh/O2pECas/MOcsDgpilPOPg==
  dependencies:
    mime-db "1.48.0"

node-fetch@^2.6.1:
  version "2.6.1"
  resolved "https://registry.npmjs.org/node-fetch/-/node-fetch-2.6.1.tgz#045bd323631f76ed2e2b55573394416b639a0052"
  integrity sha512-V4aYg89jEoVRxRb2fJdAg8FHvI7cEyYdVAh94HH0UIK8oJxUfkjlDQN9RbMx+bEjP7+ggMiFRprSti032Oipxw==

once@^1.4.0:
  version "1.4.0"
  resolved "https://registry.npmjs.org/once/-/once-1.4.0.tgz#583b1aa775961d4b113ac17d9c50baef9dd76bd1"
  integrity sha1-WDsap3WWHUsROsF9nFC6753Xa9E=
  dependencies:
    wrappy "1"

prettier@^2.3.2:
  version "2.3.2"
  resolved "https://registry.npmjs.org/prettier/-/prettier-2.3.2.tgz#ef280a05ec253712e486233db5c6f23441e7342d"
  integrity sha512-lnJzDfJ66zkMy58OL5/NY5zp70S7Nz6KqcKkXYzn2tMVrNxvbqaBpg7H3qHaLxCJ5lNMsGuM8+ohS7cZrthdLQ==

source-map-support@^0.5.17:
  version "0.5.19"
  resolved "https://registry.npmjs.org/source-map-support/-/source-map-support-0.5.19.tgz#a98b62f86dcaf4f67399648c085291ab9e8fed61"
  integrity sha512-Wonm7zOCIJzBGQdB+thsPar0kYuCIzYvxZwlBa87yi/Mdjv7Tip2cyVbLj5o0cFPN4EVkuTwb3GDDyUx2DGnGw==
  dependencies:
    buffer-from "^1.0.0"
    source-map "^0.6.0"

source-map@^0.6.0:
  version "0.6.1"
  resolved "https://registry.npmjs.org/source-map/-/source-map-0.6.1.tgz#74722af32e9614e9c287a8d0bbde48b5e2f1a263"
  integrity sha512-UjgapumWlbMhkBgzT7Ykc5YXUT46F0iKu8SGXq0bcwP5dz/h0Plj6enJqjz1Zbq2l5WaqYnrVbwWOWMyF3F47g==

strip-filename-increment@^2.0.1:
  version "2.0.1"
  resolved "https://registry.npmjs.org/strip-filename-increment/-/strip-filename-increment-2.0.1.tgz#3feca2ebd529d4cdcad0281a9bbb2660b096fcc6"
  integrity sha512-+v5xsiTTsdYqkPj7qz1zlngIsjZedhHDi3xp/9bMurV8kXe9DAr732gNVqtt4X8sI3hOqS3nlFfps5gyVcux6w==

ts-node@^10.1.0:
  version "10.1.0"
  resolved "https://registry.npmjs.org/ts-node/-/ts-node-10.1.0.tgz#e656d8ad3b61106938a867f69c39a8ba6efc966e"
  integrity sha512-6szn3+J9WyG2hE+5W8e0ruZrzyk1uFLYye6IGMBadnOzDh8aP7t8CbFpsfCiEx2+wMixAhjFt7lOZC4+l+WbEA==
  dependencies:
    "@tsconfig/node10" "^1.0.7"
    "@tsconfig/node12" "^1.0.7"
    "@tsconfig/node14" "^1.0.0"
    "@tsconfig/node16" "^1.0.1"
    arg "^4.1.0"
    create-require "^1.1.0"
    diff "^4.0.1"
    make-error "^1.1.1"
    source-map-support "^0.5.17"
    yn "3.1.1"

typescript@^4.3.5:
  version "4.3.5"
  resolved "https://registry.npmjs.org/typescript/-/typescript-4.3.5.tgz#4d1c37cc16e893973c45a06886b7113234f119f4"
  integrity sha512-DqQgihaQ9cUrskJo9kIyW/+g0Vxsk8cDtZ52a3NGh0YNTfpUSArXSohyUGnvbPazEPLu398C0UxmKSOrPumUzA==

universal-user-agent@^6.0.0:
  version "6.0.0"
  resolved "https://registry.npmjs.org/universal-user-agent/-/universal-user-agent-6.0.0.tgz#3381f8503b251c0d9cd21bc1de939ec9df5480ee"
  integrity sha512-isyNax3wXoKaulPDZWHQqbmIx1k2tb9fb3GGDBRxCscfYV2Ch7WxPArBsFEG8s/safwXTT7H4QGhaIkTp9447w==

wrappy@1:
  version "1.0.2"
  resolved "https://registry.npmjs.org/wrappy/-/wrappy-1.0.2.tgz#b5243d8f3ec1aa35f1364605bc0d1036e30ab69f"
  integrity sha1-tSQ9jz7BqjXxNkYFvA0QNuMKtp8=

write@^2.0.0:
  version "2.0.0"
  resolved "https://registry.npmjs.org/write/-/write-2.0.0.tgz#d6320a5f764fbd6ee93022f61273d62fa23dbd04"
  integrity sha512-yam9TAqN8sAZokECAejo9HpT2j2s39OgK8i8yxadrFBVo+iSWLfnipRVFulfAw1d2dz5vSuGmlMHYRKG4fysOA==
  dependencies:
    add-filename-increment "^1.0.0"

yn@3.1.1:
  version "3.1.1"
  resolved "https://registry.npmjs.org/yn/-/yn-3.1.1.tgz#1e87401a09d767c1d5eab26a6e4c185182d2eb50"
  integrity sha512-Ux4ygGWsu2c7isFWe8Yu1YluJmqVhxqK2cLXNQA5AcC3QfbGNpM7fu0Y8b/z16pXLnFxZYvWhd3fhBY9DLmC6Q==
